
Microsoft Visual Studio Solution File, Format Version 12.00
# Visual Studio Version 16
VisualStudioVersion = 16.0.29424.173
MinimumVisualStudioVersion = 10.0.40219.1
Project("{FAE04EC0-301F-11D3-BF4B-00C04F79EFBC}") = "TravelAgency.Web", "TravelAgency.Web\TravelAgency.Web.csproj", "{847322A1-8E66-4A5E-A96E-6AE6F9D92BB4}"
EndProject
Project("{FAE04EC0-301F-11D3-BF4B-00C04F79EFBC}") = "TravelAgency.Web.Tests", "TravelAgency.Web.Tests\TravelAgency.Web.Tests.csproj", "{66DEB4A2-DFC8-4FF6-B58B-BD1C390029E9}"
EndProject
Project("{FAE04EC0-301F-11D3-BF4B-00C04F79EFBC}") = "TravelAgency.Business", "TravelAgency.Business\TravelAgency.Business.csproj", "{E63733AD-8B07-4C71-BC13-DCBF12D6701C}"
EndProject
Project("{FAE04EC0-301F-11D3-BF4B-00C04F79EFBC}") = "TravelAgency.DataAccessLayer", "TravelAgency.DataAccessLayer\TravelAgency.DataAccessLayer.csproj", "{2648DA23-5537-4CF0-A74E-849C346F6A33}"
EndProject
Project("{FAE04EC0-301F-11D3-BF4B-00C04F79EFBC}") = "TravelAgency.EntityFramework", "TravelAgency.EntityFramework\TravelAgency.EntityFramework.csproj", "{F61AD083-1E3B-4205-A06D-9ED1F07FC2C5}"
EndProject
Global
	GlobalSection(SolutionConfigurationPlatforms) = preSolution
		Debug|Any CPU = Debug|Any CPU
		Release|Any CPU = Release|Any CPU
	EndGlobalSection
	GlobalSection(ProjectConfigurationPlatforms) = postSolution
		{847322A1-8E66-4A5E-A96E-6AE6F9D92BB4}.Debug|Any CPU.ActiveCfg = Debug|Any CPU
		{847322A1-8E66-4A5E-A96E-6AE6F9D92BB4}.Debug|Any CPU.Build.0 = Debug|Any CPU
		{847322A1-8E66-4A5E-A96E-6AE6F9D92BB4}.Release|Any CPU.ActiveCfg = Release|Any CPU
		{847322A1-8E66-4A5E-A96E-6AE6F9D92BB4}.Release|Any CPU.Build.0 = Release|Any CPU
		{66DEB4A2-DFC8-4FF6-B58B-BD1C390029E9}.Debug|Any CPU.ActiveCfg = Debug|Any CPU
		{66DEB4A2-DFC8-4FF6-B58B-BD1C390029E9}.Debug|Any CPU.Build.0 = Debug|Any CPU
		{66DEB4A2-DFC8-4FF6-B58B-BD1C390029E9}.Release|Any CPU.ActiveCfg = Release|Any CPU
		{66DEB4A2-DFC8-4FF6-B58B-BD1C390029E9}.Release|Any CPU.Build.0 = Release|Any CPU
		{E63733AD-8B07-4C71-BC13-DCBF12D6701C}.Debug|Any CPU.ActiveCfg = Debug|Any CPU
		{E63733AD-8B07-4C71-BC13-DCBF12D6701C}.Debug|Any CPU.Build.0 = Debug|Any CPU
		{E63733AD-8B07-4C71-BC13-DCBF12D6701C}.Release|Any CPU.ActiveCfg = Release|Any CPU
		{E63733AD-8B07-4C71-BC13-DCBF12D6701C}.Release|Any CPU.Build.0 = Release|Any CPU
		{2648DA23-5537-4CF0-A74E-849C346F6A33}.Debug|Any CPU.ActiveCfg = Debug|Any CPU
		{2648DA23-5537-4CF0-A74E-849C346F6A33}.Debug|Any CPU.Build.0 = Debug|Any CPU
		{2648DA23-5537-4CF0-A74E-849C346F6A33}.Release|Any CPU.ActiveCfg = Release|Any CPU
		{2648DA23-5537-4CF0-A74E-849C346F6A33}.Release|Any CPU.Build.0 = Release|Any CPU
		{F61AD083-1E3B-4205-A06D-9ED1F07FC2C5}.Debug|Any CPU.ActiveCfg = Debug|Any CPU
		{F61AD083-1E3B-4205-A06D-9ED1F07FC2C5}.Debug|Any CPU.Build.0 = Debug|Any CPU
		{F61AD083-1E3B-4205-A06D-9ED1F07FC2C5}.Release|Any CPU.ActiveCfg = Release|Any CPU
		{F61AD083-1E3B-4205-A06D-9ED1F07FC2C5}.Release|Any CPU.Build.0 = Release|Any CPU
	EndGlobalSection
	GlobalSection(SolutionProperties) = preSolution
		HideSolutionNode = FALSE
	EndGlobalSection
	GlobalSection(ExtensibilityGlobals) = postSolution
		SolutionGuid = {AB1F3244-133A-452F-AA0A-077A26B53549}
	EndGlobalSection
EndGlobal
